
Microsoft Visual Studio Solution File, Format Version 12.00
# Visual Studio Version 16
VisualStudioVersion = 16.0.29613.14
MinimumVisualStudioVersion = 10.0.40219.1
Project("{FAE04EC0-301F-11D3-BF4B-00C04F79EFBC}") = "WebdriverForVova", "WebdriverForVova\WebdriverForVova.csproj", "{ED66E643-20AD-44E5-9F6C-85A8CA72E55E}"
EndProject
Global
	GlobalSection(SolutionConfigurationPlatforms) = preSolution
		Debug|Any CPU = Debug|Any CPU
		Release|Any CPU = Release|Any CPU
	EndGlobalSection
	GlobalSection(ProjectConfigurationPlatforms) = postSolution
		{ED66E643-20AD-44E5-9F6C-85A8CA72E55E}.Debug|Any CPU.ActiveCfg = Debug|Any CPU
		{ED66E643-20AD-44E5-9F6C-85A8CA72E55E}.Debug|Any CPU.Build.0 = Debug|Any CPU
		{ED66E643-20AD-44E5-9F6C-85A8CA72E55E}.Release|Any CPU.ActiveCfg = Release|Any CPU
		{ED66E643-20AD-44E5-9F6C-85A8CA72E55E}.Release|Any CPU.Build.0 = Release|Any CPU
	EndGlobalSection
	GlobalSection(SolutionProperties) = preSolution
		HideSolutionNode = FALSE
	EndGlobalSection
	GlobalSection(ExtensibilityGlobals) = postSolution
		SolutionGuid = {D516B534-800E-420E-9E8C-2E24DA5CF0E5}
	EndGlobalSection
EndGlobal
